
Microsoft Visual Studio Solution File, Format Version 12.00
# Visual Studio 15
VisualStudioVersion = 15.0.27428.2043
MinimumVisualStudioVersion = 10.0.40219.1
Project("{FAE04EC0-301F-11D3-BF4B-00C04F79EFBC}") = "HotelClient", "HotelClient\HotelClient.csproj", "{BAAA69D5-9337-46FA-A7D0-C256E41FBC4F}"
EndProject
Project("{FAE04EC0-301F-11D3-BF4B-00C04F79EFBC}") = "HotelClient.Tests", "HotelClient.Tests\HotelClient.Tests.csproj", "{8172C34A-6F1B-4635-B274-BAD28C1A06AA}"
EndProject
Project("{FAE04EC0-301F-11D3-BF4B-00C04F79EFBC}") = "ApplicationLayer", "ApplicationLayer\ApplicationLayer.csproj", "{E2D029BF-5D71-4C75-A239-B579C33C8330}"
EndProject
Project("{FAE04EC0-301F-11D3-BF4B-00C04F79EFBC}") = "DomainModelLayer", "DomainModelLayer\DomainModelLayer.csproj", "{3DD7B77E-973A-4029-9968-0858C1AF63A8}"
EndProject
Project("{FAE04EC0-301F-11D3-BF4B-00C04F79EFBC}") = "InfrastructureLayer", "InfrastructureLayer\InfrastructureLayer.csproj", "{D80764DA-6469-4264-B2AD-155BA994A84F}"
EndProject
Global
	GlobalSection(SolutionConfigurationPlatforms) = preSolution
		Debug|Any CPU = Debug|Any CPU
		Release|Any CPU = Release|Any CPU
	EndGlobalSection
	GlobalSection(ProjectConfigurationPlatforms) = postSolution
		{BAAA69D5-9337-46FA-A7D0-C256E41FBC4F}.Debug|Any CPU.ActiveCfg = Debug|Any CPU
		{BAAA69D5-9337-46FA-A7D0-C256E41FBC4F}.Debug|Any CPU.Build.0 = Debug|Any CPU
		{BAAA69D5-9337-46FA-A7D0-C256E41FBC4F}.Release|Any CPU.ActiveCfg = Release|Any CPU
		{BAAA69D5-9337-46FA-A7D0-C256E41FBC4F}.Release|Any CPU.Build.0 = Release|Any CPU
		{8172C34A-6F1B-4635-B274-BAD28C1A06AA}.Debug|Any CPU.ActiveCfg = Debug|Any CPU
		{8172C34A-6F1B-4635-B274-BAD28C1A06AA}.Debug|Any CPU.Build.0 = Debug|Any CPU
		{8172C34A-6F1B-4635-B274-BAD28C1A06AA}.Release|Any CPU.ActiveCfg = Release|Any CPU
		{8172C34A-6F1B-4635-B274-BAD28C1A06AA}.Release|Any CPU.Build.0 = Release|Any CPU
		{E2D029BF-5D71-4C75-A239-B579C33C8330}.Debug|Any CPU.ActiveCfg = Debug|Any CPU
		{E2D029BF-5D71-4C75-A239-B579C33C8330}.Debug|Any CPU.Build.0 = Debug|Any CPU
		{E2D029BF-5D71-4C75-A239-B579C33C8330}.Release|Any CPU.ActiveCfg = Release|Any CPU
		{E2D029BF-5D71-4C75-A239-B579C33C8330}.Release|Any CPU.Build.0 = Release|Any CPU
		{3DD7B77E-973A-4029-9968-0858C1AF63A8}.Debug|Any CPU.ActiveCfg = Debug|Any CPU
		{3DD7B77E-973A-4029-9968-0858C1AF63A8}.Debug|Any CPU.Build.0 = Debug|Any CPU
		{3DD7B77E-973A-4029-9968-0858C1AF63A8}.Release|Any CPU.ActiveCfg = Release|Any CPU
		{3DD7B77E-973A-4029-9968-0858C1AF63A8}.Release|Any CPU.Build.0 = Release|Any CPU
		{D80764DA-6469-4264-B2AD-155BA994A84F}.Debug|Any CPU.ActiveCfg = Debug|Any CPU
		{D80764DA-6469-4264-B2AD-155BA994A84F}.Debug|Any CPU.Build.0 = Debug|Any CPU
		{D80764DA-6469-4264-B2AD-155BA994A84F}.Release|Any CPU.ActiveCfg = Release|Any CPU
		{D80764DA-6469-4264-B2AD-155BA994A84F}.Release|Any CPU.Build.0 = Release|Any CPU
	EndGlobalSection
	GlobalSection(SolutionProperties) = preSolution
		HideSolutionNode = FALSE
	EndGlobalSection
	GlobalSection(ExtensibilityGlobals) = postSolution
		SolutionGuid = {CCDF9EA5-A9C5-4125-B929-92889C965773}
	EndGlobalSection
EndGlobal
